
Microsoft Visual Studio Solution File, Format Version 12.00
# Visual Studio Version 17
VisualStudioVersion = 17.0.31717.71
MinimumVisualStudioVersion = 10.0.40219.1
Project("{9A19103F-16F7-4668-BE54-9A1E7A4F7556}") = "PedidosApp", "PedidosApp.csproj", "{293F2F23-24F3-4A0F-9077-BDA1D9014009}"
EndProject
Global
	GlobalSection(SolutionConfigurationPlatforms) = preSolution
		Debug|Any CPU = Debug|Any CPU
		Release|Any CPU = Release|Any CPU
	EndGlobalSection
	GlobalSection(ProjectConfigurationPlatforms) = postSolution
		{293F2F23-24F3-4A0F-9077-BDA1D9014009}.Debug|Any CPU.ActiveCfg = Debug|Any CPU
		{293F2F23-24F3-4A0F-9077-BDA1D9014009}.Debug|Any CPU.Build.0 = Debug|Any CPU
		{293F2F23-24F3-4A0F-9077-BDA1D9014009}.Release|Any CPU.ActiveCfg = Release|Any CPU
		{293F2F23-24F3-4A0F-9077-BDA1D9014009}.Release|Any CPU.Build.0 = Release|Any CPU
	EndGlobalSection
	GlobalSection(SolutionProperties) = preSolution
		HideSolutionNode = FALSE
	EndGlobalSection
	GlobalSection(ExtensibilityGlobals) = postSolution
		SolutionGuid = {C654405B-BC58-418E-BE6E-B80E4DED5881}
	EndGlobalSection
EndGlobal